
Microsoft Visual Studio Solution File, Format Version 12.00
# Visual Studio 15
VisualStudioVersion = 15.0.27004.2010
MinimumVisualStudioVersion = 10.0.40219.1
Project("{2150E333-8FDC-42A3-9474-1A3956D46DE8}") = "Solution Items", "Solution Items", "{79D83D95-E87F-48DC-A653-1998BA9602E2}"
	ProjectSection(SolutionItems) = preProject
		.gitignore = .gitignore
		OmniCode-Settings.json = OmniCode-Settings.json
		README.md = README.md
		SciterSharp\SciterSharpOSX.nuspec = SciterSharp\SciterSharpOSX.nuspec
	EndProjectSection
EndProject
Project("{FAE04EC0-301F-11D3-BF4B-00C04F79EFBC}") = "UnitTests", "UnitTests\UnitTests.csproj", "{2ED64300-CB6A-4CB3-B687-D2795395FC44}"
EndProject
Project("{2150E333-8FDC-42A3-9474-1A3956D46DE8}") = "TestsUI", "TestsUI", "{2ABBA2EF-6FEE-4F81-BF64-A1AB02BEE2C5}"
EndProject
Project("{FAE04EC0-301F-11D3-BF4B-00C04F79EFBC}") = "TestOSX", "Tests\TestOSX\TestOSX.csproj", "{764A2B71-F267-4C2E-A4CD-33E050659BD6}"
EndProject
Project("{FAE04EC0-301F-11D3-BF4B-00C04F79EFBC}") = "PublishNuget", "PublishNuget\PublishNuget.csproj", "{32DEDB6C-01A9-4DBF-A5E3-05F63DC8DFF1}"
EndProject
Project("{9344BDBB-3E7F-41FC-A0DD-8665D75EE146}") = "TestCore", "Tests\TestCore\TestCore.csproj", "{BF206E15-8979-4111-92EA-38C62BD5DDE0}"
EndProject
Project("{9344BDBB-3E7F-41FC-A0DD-8665D75EE146}") = "TestWinForms", "Tests\TestWinForms\TestWinForms.csproj", "{832C9BA0-3C70-4E66-836A-3BE1414EA3F8}"
EndProject
Project("{9344BDBB-3E7F-41FC-A0DD-8665D75EE146}") = "TestIdioms", "Tests\TestIdioms\TestIdioms.csproj", "{CFC8DB39-3DA0-4504-82A6-49DEF5299009}"
EndProject
Project("{9344BDBB-3E7F-41FC-A0DD-8665D75EE146}") = "TestGraphics", "Tests\TestGraphics\TestGraphics.csproj", "{074AF3BA-6C54-4215-BCF4-01F88B4F156E}"
EndProject
Project("{9344BDBB-3E7F-41FC-A0DD-8665D75EE146}") = "TestGTKGTK", "Tests\TestGTK\TestGTKGTK.csproj", "{D6E865B8-043F-4EAD-8463-AC8A7886F238}"
EndProject
Project("{9344BDBB-3E7F-41FC-A0DD-8665D75EE146}") = "SciterSharpGTK", "SciterSharp\SciterSharpGTK.csproj", "{12094DF2-A763-4F7F-9DC1-C7E19BC1B0B0}"
EndProject
Project("{9344BDBB-3E7F-41FC-A0DD-8665D75EE146}") = "SciterSharpWindows", "SciterSharp\SciterSharpWindows.csproj", "{BB7BC739-B073-4DE1-9FBD-C3B5B07AD2F5}"
EndProject
Project("{FAE04EC0-301F-11D3-BF4B-00C04F79EFBC}") = "SciterSharpOSX", "SciterSharp\SciterSharpOSX.csproj", "{42BB6EC1-E806-4B5B-A242-1662AAE7BF25}"
EndProject
Global
	GlobalSection(SolutionConfigurationPlatforms) = preSolution
		Debug|Any CPU = Debug|Any CPU
		Debug|x64 = Debug|x64
		Debug|x86 = Debug|x86
		Release|Any CPU = Release|Any CPU
		Release|x64 = Release|x64
		Release|x86 = Release|x86
	EndGlobalSection
	GlobalSection(ProjectConfigurationPlatforms) = postSolution
		{2ED64300-CB6A-4CB3-B687-D2795395FC44}.Debug|Any CPU.ActiveCfg = Debug|Any CPU
		{2ED64300-CB6A-4CB3-B687-D2795395FC44}.Debug|Any CPU.Build.0 = Debug|Any CPU
		{2ED64300-CB6A-4CB3-B687-D2795395FC44}.Debug|x64.ActiveCfg = Debug|Any CPU
		{2ED64300-CB6A-4CB3-B687-D2795395FC44}.Debug|x64.Build.0 = Debug|Any CPU
		{2ED64300-CB6A-4CB3-B687-D2795395FC44}.Debug|x86.ActiveCfg = Debug|Any CPU
		{2ED64300-CB6A-4CB3-B687-D2795395FC44}.Debug|x86.Build.0 = Debug|Any CPU
		{2ED64300-CB6A-4CB3-B687-D2795395FC44}.Release|Any CPU.ActiveCfg = Release|Any CPU
		{2ED64300-CB6A-4CB3-B687-D2795395FC44}.Release|Any CPU.Build.0 = Release|Any CPU
		{2ED64300-CB6A-4CB3-B687-D2795395FC44}.Release|x64.ActiveCfg = Release|Any CPU
		{2ED64300-CB6A-4CB3-B687-D2795395FC44}.Release|x64.Build.0 = Release|Any CPU
		{2ED64300-CB6A-4CB3-B687-D2795395FC44}.Release|x86.ActiveCfg = Release|Any CPU
		{2ED64300-CB6A-4CB3-B687-D2795395FC44}.Release|x86.Build.0 = Release|Any CPU
		{764A2B71-F267-4C2E-A4CD-33E050659BD6}.Debug|Any CPU.ActiveCfg = Debug|Any CPU
		{764A2B71-F267-4C2E-A4CD-33E050659BD6}.Debug|Any CPU.Build.0 = Debug|Any CPU
		{764A2B71-F267-4C2E-A4CD-33E050659BD6}.Debug|x64.ActiveCfg = Debug|Any CPU
		{764A2B71-F267-4C2E-A4CD-33E050659BD6}.Debug|x86.ActiveCfg = Debug|Any CPU
		{764A2B71-F267-4C2E-A4CD-33E050659BD6}.Debug|x86.Build.0 = Debug|Any CPU
		{764A2B71-F267-4C2E-A4CD-33E050659BD6}.Release|Any CPU.ActiveCfg = Release|Any CPU
		{764A2B71-F267-4C2E-A4CD-33E050659BD6}.Release|Any CPU.Build.0 = Release|Any CPU
		{764A2B71-F267-4C2E-A4CD-33E050659BD6}.Release|x64.ActiveCfg = Release|Any CPU
		{764A2B71-F267-4C2E-A4CD-33E050659BD6}.Release|x86.ActiveCfg = Release|Any CPU
		{764A2B71-F267-4C2E-A4CD-33E050659BD6}.Release|x86.Build.0 = Release|Any CPU
		{32DEDB6C-01A9-4DBF-A5E3-05F63DC8DFF1}.Debug|Any CPU.ActiveCfg = Debug|Any CPU
		{32DEDB6C-01A9-4DBF-A5E3-05F63DC8DFF1}.Debug|Any CPU.Build.0 = Debug|Any CPU
		{32DEDB6C-01A9-4DBF-A5E3-05F63DC8DFF1}.Debug|x64.ActiveCfg = Debug|Any CPU
		{32DEDB6C-01A9-4DBF-A5E3-05F63DC8DFF1}.Debug|x64.Build.0 = Debug|Any CPU
		{32DEDB6C-01A9-4DBF-A5E3-05F63DC8DFF1}.Debug|x86.ActiveCfg = Debug|Any CPU
		{32DEDB6C-01A9-4DBF-A5E3-05F63DC8DFF1}.Debug|x86.Build.0 = Debug|Any CPU
		{32DEDB6C-01A9-4DBF-A5E3-05F63DC8DFF1}.Release|Any CPU.ActiveCfg = Release|Any CPU
		{32DEDB6C-01A9-4DBF-A5E3-05F63DC8DFF1}.Release|Any CPU.Build.0 = Release|Any CPU
		{32DEDB6C-01A9-4DBF-A5E3-05F63DC8DFF1}.Release|x64.ActiveCfg = Release|Any CPU
		{32DEDB6C-01A9-4DBF-A5E3-05F63DC8DFF1}.Release|x64.Build.0 = Release|Any CPU
		{32DEDB6C-01A9-4DBF-A5E3-05F63DC8DFF1}.Release|x86.ActiveCfg = Release|Any CPU
		{32DEDB6C-01A9-4DBF-A5E3-05F63DC8DFF1}.Release|x86.Build.0 = Release|Any CPU
		{BF206E15-8979-4111-92EA-38C62BD5DDE0}.Debug|Any CPU.ActiveCfg = Debug|Any CPU
		{BF206E15-8979-4111-92EA-38C62BD5DDE0}.Debug|Any CPU.Build.0 = Debug|Any CPU
		{BF206E15-8979-4111-92EA-38C62BD5DDE0}.Debug|x64.ActiveCfg = Debug|Any CPU
		{BF206E15-8979-4111-92EA-38C62BD5DDE0}.Debug|x86.ActiveCfg = Debug|Any CPU
		{BF206E15-8979-4111-92EA-38C62BD5DDE0}.Debug|x86.Build.0 = Debug|Any CPU
		{BF206E15-8979-4111-92EA-38C62BD5DDE0}.Release|Any CPU.ActiveCfg = Release|Any CPU
		{BF206E15-8979-4111-92EA-38C62BD5DDE0}.Release|Any CPU.Build.0 = Release|Any CPU
		{BF206E15-8979-4111-92EA-38C62BD5DDE0}.Release|x64.ActiveCfg = Release|Any CPU
		{BF206E15-8979-4111-92EA-38C62BD5DDE0}.Release|x86.ActiveCfg = Release|Any CPU
		{BF206E15-8979-4111-92EA-38C62BD5DDE0}.Release|x86.Build.0 = Release|Any CPU
		{832C9BA0-3C70-4E66-836A-3BE1414EA3F8}.Debug|Any CPU.ActiveCfg = Debug|Any CPU
		{832C9BA0-3C70-4E66-836A-3BE1414EA3F8}.Debug|Any CPU.Build.0 = Debug|Any CPU
		{832C9BA0-3C70-4E66-836A-3BE1414EA3F8}.Debug|x64.ActiveCfg = Debug|Any CPU
		{832C9BA0-3C70-4E66-836A-3BE1414EA3F8}.Debug|x86.ActiveCfg = Debug|Any CPU
		{832C9BA0-3C70-4E66-836A-3BE1414EA3F8}.Debug|x86.Build.0 = Debug|Any CPU
		{832C9BA0-3C70-4E66-836A-3BE1414EA3F8}.Release|Any CPU.ActiveCfg = Release|Any CPU
		{832C9BA0-3C70-4E66-836A-3BE1414EA3F8}.Release|Any CPU.Build.0 = Release|Any CPU
		{832C9BA0-3C70-4E66-836A-3BE1414EA3F8}.Release|x64.ActiveCfg = Release|Any CPU
		{832C9BA0-3C70-4E66-836A-3BE1414EA3F8}.Release|x86.ActiveCfg = Release|Any CPU
		{832C9BA0-3C70-4E66-836A-3BE1414EA3F8}.Release|x86.Build.0 = Release|Any CPU
		{CFC8DB39-3DA0-4504-82A6-49DEF5299009}.Debug|Any CPU.ActiveCfg = Debug|Any CPU
		{CFC8DB39-3DA0-4504-82A6-49DEF5299009}.Debug|Any CPU.Build.0 = Debug|Any CPU
		{CFC8DB39-3DA0-4504-82A6-49DEF5299009}.Debug|x64.ActiveCfg = Debug|Any CPU
		{CFC8DB39-3DA0-4504-82A6-49DEF5299009}.Debug|x86.ActiveCfg = Debug|Any CPU
		{CFC8DB39-3DA0-4504-82A6-49DEF5299009}.Debug|x86.Build.0 = Debug|Any CPU
		{CFC8DB39-3DA0-4504-82A6-49DEF5299009}.Release|Any CPU.ActiveCfg = Release|Any CPU
		{CFC8DB39-3DA0-4504-82A6-49DEF5299009}.Release|Any CPU.Build.0 = Release|Any CPU
		{CFC8DB39-3DA0-4504-82A6-49DEF5299009}.Release|x64.ActiveCfg = Release|Any CPU
		{CFC8DB39-3DA0-4504-82A6-49DEF5299009}.Release|x86.ActiveCfg = Release|Any CPU
		{CFC8DB39-3DA0-4504-82A6-49DEF5299009}.Release|x86.Build.0 = Release|Any CPU
		{074AF3BA-6C54-4215-BCF4-01F88B4F156E}.Debug|Any CPU.ActiveCfg = Debug|Any CPU
		{074AF3BA-6C54-4215-BCF4-01F88B4F156E}.Debug|Any CPU.Build.0 = Debug|Any CPU
		{074AF3BA-6C54-4215-BCF4-01F88B4F156E}.Debug|x64.ActiveCfg = Debug|Any CPU
		{074AF3BA-6C54-4215-BCF4-01F88B4F156E}.Debug|x86.ActiveCfg = Debug|x86
		{074AF3BA-6C54-4215-BCF4-01F88B4F156E}.Debug|x86.Build.0 = Debug|x86
		{074AF3BA-6C54-4215-BCF4-01F88B4F156E}.Release|Any CPU.ActiveCfg = Release|Any CPU
		{074AF3BA-6C54-4215-BCF4-01F88B4F156E}.Release|Any CPU.Build.0 = Release|Any CPU
		{074AF3BA-6C54-4215-BCF4-01F88B4F156E}.Release|x64.ActiveCfg = Release|Any CPU
		{074AF3BA-6C54-4215-BCF4-01F88B4F156E}.Release|x86.ActiveCfg = Release|x86
		{074AF3BA-6C54-4215-BCF4-01F88B4F156E}.Release|x86.Build.0 = Release|x86
		{D6E865B8-043F-4EAD-8463-AC8A7886F238}.Debug|Any CPU.ActiveCfg = Debug|x64
		{D6E865B8-043F-4EAD-8463-AC8A7886F238}.Debug|Any CPU.Build.0 = Debug|x64
		{D6E865B8-043F-4EAD-8463-AC8A7886F238}.Debug|x64.ActiveCfg = Debug|x64
		{D6E865B8-043F-4EAD-8463-AC8A7886F238}.Debug|x64.Build.0 = Debug|x64
		{D6E865B8-043F-4EAD-8463-AC8A7886F238}.Debug|x86.ActiveCfg = Debug|x64
		{D6E865B8-043F-4EAD-8463-AC8A7886F238}.Debug|x86.Build.0 = Debug|x64
		{D6E865B8-043F-4EAD-8463-AC8A7886F238}.Release|Any CPU.ActiveCfg = Release|x64
		{D6E865B8-043F-4EAD-8463-AC8A7886F238}.Release|Any CPU.Build.0 = Release|x64
		{D6E865B8-043F-4EAD-8463-AC8A7886F238}.Release|x64.ActiveCfg = Release|x64
		{D6E865B8-043F-4EAD-8463-AC8A7886F238}.Release|x64.Build.0 = Release|x64
		{D6E865B8-043F-4EAD-8463-AC8A7886F238}.Release|x86.ActiveCfg = Release|x64
		{D6E865B8-043F-4EAD-8463-AC8A7886F238}.Release|x86.Build.0 = Release|x64
		{12094DF2-A763-4F7F-9DC1-C7E19BC1B0B0}.Debug|Any CPU.ActiveCfg = Debug|Any CPU
		{12094DF2-A763-4F7F-9DC1-C7E19BC1B0B0}.Debug|Any CPU.Build.0 = Debug|Any CPU
		{12094DF2-A763-4F7F-9DC1-C7E19BC1B0B0}.Debug|x64.ActiveCfg = Debug|Any CPU
		{12094DF2-A763-4F7F-9DC1-C7E19BC1B0B0}.Debug|x64.Build.0 = Debug|Any CPU
		{12094DF2-A763-4F7F-9DC1-C7E19BC1B0B0}.Debug|x86.ActiveCfg = Debug|Any CPU
		{12094DF2-A763-4F7F-9DC1-C7E19BC1B0B0}.Debug|x86.Build.0 = Debug|Any CPU
		{12094DF2-A763-4F7F-9DC1-C7E19BC1B0B0}.Release|Any CPU.ActiveCfg = Release|Any CPU
		{12094DF2-A763-4F7F-9DC1-C7E19BC1B0B0}.Release|Any CPU.Build.0 = Release|Any CPU
		{12094DF2-A763-4F7F-9DC1-C7E19BC1B0B0}.Release|x64.ActiveCfg = Release|Any CPU
		{12094DF2-A763-4F7F-9DC1-C7E19BC1B0B0}.Release|x64.Build.0 = Release|Any CPU
		{12094DF2-A763-4F7F-9DC1-C7E19BC1B0B0}.Release|x86.ActiveCfg = Release|Any CPU
		{12094DF2-A763-4F7F-9DC1-C7E19BC1B0B0}.Release|x86.Build.0 = Release|Any CPU
		{BB7BC739-B073-4DE1-9FBD-C3B5B07AD2F5}.Debug|Any CPU.ActiveCfg = Debug|Any CPU
		{BB7BC739-B073-4DE1-9FBD-C3B5B07AD2F5}.Debug|Any CPU.Build.0 = Debug|Any CPU
		{BB7BC739-B073-4DE1-9FBD-C3B5B07AD2F5}.Debug|x64.ActiveCfg = Debug|Any CPU
		{BB7BC739-B073-4DE1-9FBD-C3B5B07AD2F5}.Debug|x86.ActiveCfg = Debug|Any CPU
		{BB7BC739-B073-4DE1-9FBD-C3B5B07AD2F5}.Debug|x86.Build.0 = Debug|Any CPU
		{BB7BC739-B073-4DE1-9FBD-C3B5B07AD2F5}.Release|Any CPU.ActiveCfg = Release|Any CPU
		{BB7BC739-B073-4DE1-9FBD-C3B5B07AD2F5}.Release|Any CPU.Build.0 = Release|Any CPU
		{BB7BC739-B073-4DE1-9FBD-C3B5B07AD2F5}.Release|x64.ActiveCfg = Release|Any CPU
		{BB7BC739-B073-4DE1-9FBD-C3B5B07AD2F5}.Release|x86.ActiveCfg = Release|Any CPU
		{BB7BC739-B073-4DE1-9FBD-C3B5B07AD2F5}.Release|x86.Build.0 = Release|Any CPU
		{42BB6EC1-E806-4B5B-A242-1662AAE7BF25}.Debug|Any CPU.ActiveCfg = Debug|Any CPU
		{42BB6EC1-E806-4B5B-A242-1662AAE7BF25}.Debug|Any CPU.Build.0 = Debug|Any CPU
		{42BB6EC1-E806-4B5B-A242-1662AAE7BF25}.Debug|x64.ActiveCfg = Debug|Any CPU
		{42BB6EC1-E806-4B5B-A242-1662AAE7BF25}.Debug|x64.Build.0 = Debug|Any CPU
		{42BB6EC1-E806-4B5B-A242-1662AAE7BF25}.Debug|x86.ActiveCfg = Debug|Any CPU
		{42BB6EC1-E806-4B5B-A242-1662AAE7BF25}.Debug|x86.Build.0 = Debug|Any CPU
		{42BB6EC1-E806-4B5B-A242-1662AAE7BF25}.Release|Any CPU.ActiveCfg = Release|Any CPU
		{42BB6EC1-E806-4B5B-A242-1662AAE7BF25}.Release|Any CPU.Build.0 = Release|Any CPU
		{42BB6EC1-E806-4B5B-A242-1662AAE7BF25}.Release|x64.ActiveCfg = Release|Any CPU
		{42BB6EC1-E806-4B5B-A242-1662AAE7BF25}.Release|x64.Build.0 = Release|Any CPU
		{42BB6EC1-E806-4B5B-A242-1662AAE7BF25}.Release|x86.ActiveCfg = Release|Any CPU
		{42BB6EC1-E806-4B5B-A242-1662AAE7BF25}.Release|x86.Build.0 = Release|Any CPU
	EndGlobalSection
	GlobalSection(SolutionProperties) = preSolution
		HideSolutionNode = FALSE
	EndGlobalSection
	GlobalSection(NestedProjects) = preSolution
		{764A2B71-F267-4C2E-A4CD-33E050659BD6} = {2ABBA2EF-6FEE-4F81-BF64-A1AB02BEE2C5}
		{BF206E15-8979-4111-92EA-38C62BD5DDE0} = {2ABBA2EF-6FEE-4F81-BF64-A1AB02BEE2C5}
		{832C9BA0-3C70-4E66-836A-3BE1414EA3F8} = {2ABBA2EF-6FEE-4F81-BF64-A1AB02BEE2C5}
		{CFC8DB39-3DA0-4504-82A6-49DEF5299009} = {2ABBA2EF-6FEE-4F81-BF64-A1AB02BEE2C5}
		{074AF3BA-6C54-4215-BCF4-01F88B4F156E} = {2ABBA2EF-6FEE-4F81-BF64-A1AB02BEE2C5}
		{D6E865B8-043F-4EAD-8463-AC8A7886F238} = {2ABBA2EF-6FEE-4F81-BF64-A1AB02BEE2C5}
	EndGlobalSection
	GlobalSection(ExtensibilityGlobals) = postSolution
		SolutionGuid = {ACCCA607-3FFA-4A98-AB4B-302FEDF13D01}
	EndGlobalSection
EndGlobal
