
Microsoft Visual Studio Solution File, Format Version 12.00
# Visual Studio 15
VisualStudioVersion = 15.0.27004.2010
MinimumVisualStudioVersion = 10.0.40219.1
Project("{2150E333-8FDC-42A3-9474-1A3956D46DE8}") = "Solution Items", "Solution Items", "{79D83D95-E87F-48DC-A653-1998BA9602E2}"
	ProjectSection(SolutionItems) = preProject
		.gitignore = .gitignore
		LICENSE.md = LICENSE.md
		OmniCode-Settings.json = OmniCode-Settings.json
		README.md = README.md
		SciterSharp\SciterSharpOSX.nuspec = SciterSharp\SciterSharpOSX.nuspec
	EndProjectSection
EndProject
Project("{FAE04EC0-301F-11D3-BF4B-00C04F79EFBC}") = "UnitTests", "UnitTests\UnitTests.csproj", "{2ED64300-CB6A-4CB3-B687-D2795395FC44}"
EndProject
Project("{2150E333-8FDC-42A3-9474-1A3956D46DE8}") = "TestsUI", "TestsUI", "{2ABBA2EF-6FEE-4F81-BF64-A1AB02BEE2C5}"
EndProject
Project("{FAE04EC0-301F-11D3-BF4B-00C04F79EFBC}") = "TestOSX", "Tests\TestOSX\TestOSX.csproj", "{764A2B71-F267-4C2E-A4CD-33E050659BD6}"
EndProject
Project("{FAE04EC0-301F-11D3-BF4B-00C04F79EFBC}") = "PublishNuget", "PublishNuget\PublishNuget.csproj", "{32DEDB6C-01A9-4DBF-A5E3-05F63DC8DFF1}"
EndProject
Project("{FAE04EC0-301F-11D3-BF4B-00C04F79EFBC}") = "TestCore", "Tests\TestCore\TestCore.csproj", "{EA51B66E-0862-4D79-8FB9-4BB1ED2CFB59}"
EndProject
Project("{FAE04EC0-301F-11D3-BF4B-00C04F79EFBC}") = "TestWinForms", "Tests\TestWinForms\TestWinForms.csproj", "{4D0745FB-910A-42F9-BC0C-B20812895A35}"
EndProject
Project("{FAE04EC0-301F-11D3-BF4B-00C04F79EFBC}") = "TestIdioms", "Tests\TestIdioms\TestIdioms.csproj", "{E9A8832F-C368-4652-9A9C-B6C87D4C5084}"
EndProject
Project("{FAE04EC0-301F-11D3-BF4B-00C04F79EFBC}") = "TestGraphics", "Tests\TestGraphics\TestGraphics.csproj", "{FABEBB54-7E6E-4DCD-A4A3-D713EA38731B}"
EndProject
Project("{FAE04EC0-301F-11D3-BF4B-00C04F79EFBC}") = "TestGTKGTK", "Tests\TestGTK\TestGTKGTK.csproj", "{95EE3B89-3300-4482-95A3-DC42EC8B3676}"
EndProject
Project("{FAE04EC0-301F-11D3-BF4B-00C04F79EFBC}") = "SciterSharpGTK", "SciterSharp\SciterSharpGTK.csproj", "{D60ACAE0-C246-4936-B92B-B756841DB545}"
EndProject
Project("{FAE04EC0-301F-11D3-BF4B-00C04F79EFBC}") = "SciterSharpWindows", "SciterSharp\SciterSharpWindows.csproj", "{18B2E4E7-CB77-44C3-865B-BE05620ABA4D}"
EndProject
Project("{FAE04EC0-301F-11D3-BF4B-00C04F79EFBC}") = "SciterSharpOSX", "SciterSharp\SciterSharpOSX.csproj", "{42BB6EC1-E806-4B5B-A242-1662AAE7BF25}"
EndProject
Global
	GlobalSection(SolutionConfigurationPlatforms) = preSolution
		Debug|Any CPU = Debug|Any CPU
		Debug|x64 = Debug|x64
		Debug|x86 = Debug|x86
		Release|Any CPU = Release|Any CPU
		Release|x64 = Release|x64
		Release|x86 = Release|x86
	EndGlobalSection
	GlobalSection(ProjectConfigurationPlatforms) = postSolution
		{2ED64300-CB6A-4CB3-B687-D2795395FC44}.Debug|Any CPU.ActiveCfg = Debug|Any CPU
		{2ED64300-CB6A-4CB3-B687-D2795395FC44}.Debug|Any CPU.Build.0 = Debug|Any CPU
		{2ED64300-CB6A-4CB3-B687-D2795395FC44}.Debug|x64.ActiveCfg = Debug|Any CPU
		{2ED64300-CB6A-4CB3-B687-D2795395FC44}.Debug|x64.Build.0 = Debug|Any CPU
		{2ED64300-CB6A-4CB3-B687-D2795395FC44}.Debug|x86.ActiveCfg = Debug|Any CPU
		{2ED64300-CB6A-4CB3-B687-D2795395FC44}.Debug|x86.Build.0 = Debug|Any CPU
		{2ED64300-CB6A-4CB3-B687-D2795395FC44}.Release|Any CPU.ActiveCfg = Release|Any CPU
		{2ED64300-CB6A-4CB3-B687-D2795395FC44}.Release|Any CPU.Build.0 = Release|Any CPU
		{2ED64300-CB6A-4CB3-B687-D2795395FC44}.Release|x64.ActiveCfg = Release|Any CPU
		{2ED64300-CB6A-4CB3-B687-D2795395FC44}.Release|x64.Build.0 = Release|Any CPU
		{2ED64300-CB6A-4CB3-B687-D2795395FC44}.Release|x86.ActiveCfg = Release|Any CPU
		{2ED64300-CB6A-4CB3-B687-D2795395FC44}.Release|x86.Build.0 = Release|Any CPU
		{764A2B71-F267-4C2E-A4CD-33E050659BD6}.Debug|Any CPU.ActiveCfg = Debug|Any CPU
		{764A2B71-F267-4C2E-A4CD-33E050659BD6}.Debug|Any CPU.Build.0 = Debug|Any CPU
		{764A2B71-F267-4C2E-A4CD-33E050659BD6}.Debug|x64.ActiveCfg = Debug|Any CPU
		{764A2B71-F267-4C2E-A4CD-33E050659BD6}.Debug|x86.ActiveCfg = Debug|Any CPU
		{764A2B71-F267-4C2E-A4CD-33E050659BD6}.Debug|x86.Build.0 = Debug|Any CPU
		{764A2B71-F267-4C2E-A4CD-33E050659BD6}.Release|Any CPU.ActiveCfg = Release|Any CPU
		{764A2B71-F267-4C2E-A4CD-33E050659BD6}.Release|Any CPU.Build.0 = Release|Any CPU
		{764A2B71-F267-4C2E-A4CD-33E050659BD6}.Release|x64.ActiveCfg = Release|Any CPU
		{764A2B71-F267-4C2E-A4CD-33E050659BD6}.Release|x86.ActiveCfg = Release|Any CPU
		{764A2B71-F267-4C2E-A4CD-33E050659BD6}.Release|x86.Build.0 = Release|Any CPU
		{32DEDB6C-01A9-4DBF-A5E3-05F63DC8DFF1}.Debug|Any CPU.ActiveCfg = Debug|Any CPU
		{32DEDB6C-01A9-4DBF-A5E3-05F63DC8DFF1}.Debug|Any CPU.Build.0 = Debug|Any CPU
		{32DEDB6C-01A9-4DBF-A5E3-05F63DC8DFF1}.Debug|x64.ActiveCfg = Debug|Any CPU
		{32DEDB6C-01A9-4DBF-A5E3-05F63DC8DFF1}.Debug|x64.Build.0 = Debug|Any CPU
		{32DEDB6C-01A9-4DBF-A5E3-05F63DC8DFF1}.Debug|x86.ActiveCfg = Debug|Any CPU
		{32DEDB6C-01A9-4DBF-A5E3-05F63DC8DFF1}.Debug|x86.Build.0 = Debug|Any CPU
		{32DEDB6C-01A9-4DBF-A5E3-05F63DC8DFF1}.Release|Any CPU.ActiveCfg = Release|Any CPU
		{32DEDB6C-01A9-4DBF-A5E3-05F63DC8DFF1}.Release|Any CPU.Build.0 = Release|Any CPU
		{32DEDB6C-01A9-4DBF-A5E3-05F63DC8DFF1}.Release|x64.ActiveCfg = Release|Any CPU
		{32DEDB6C-01A9-4DBF-A5E3-05F63DC8DFF1}.Release|x64.Build.0 = Release|Any CPU
		{32DEDB6C-01A9-4DBF-A5E3-05F63DC8DFF1}.Release|x86.ActiveCfg = Release|Any CPU
		{32DEDB6C-01A9-4DBF-A5E3-05F63DC8DFF1}.Release|x86.Build.0 = Release|Any CPU
		{EA51B66E-0862-4D79-8FB9-4BB1ED2CFB59}.Debug|Any CPU.ActiveCfg = Debug|Any CPU
		{EA51B66E-0862-4D79-8FB9-4BB1ED2CFB59}.Debug|Any CPU.Build.0 = Debug|Any CPU
		{EA51B66E-0862-4D79-8FB9-4BB1ED2CFB59}.Debug|x64.ActiveCfg = Debug|Any CPU
		{EA51B66E-0862-4D79-8FB9-4BB1ED2CFB59}.Debug|x86.ActiveCfg = Debug|Any CPU
		{EA51B66E-0862-4D79-8FB9-4BB1ED2CFB59}.Debug|x86.Build.0 = Debug|Any CPU
		{EA51B66E-0862-4D79-8FB9-4BB1ED2CFB59}.Release|Any CPU.ActiveCfg = Release|Any CPU
		{EA51B66E-0862-4D79-8FB9-4BB1ED2CFB59}.Release|Any CPU.Build.0 = Release|Any CPU
		{EA51B66E-0862-4D79-8FB9-4BB1ED2CFB59}.Release|x64.ActiveCfg = Release|Any CPU
		{EA51B66E-0862-4D79-8FB9-4BB1ED2CFB59}.Release|x86.ActiveCfg = Release|Any CPU
		{EA51B66E-0862-4D79-8FB9-4BB1ED2CFB59}.Release|x86.Build.0 = Release|Any CPU
		{4D0745FB-910A-42F9-BC0C-B20812895A35}.Debug|Any CPU.ActiveCfg = Debug|Any CPU
		{4D0745FB-910A-42F9-BC0C-B20812895A35}.Debug|Any CPU.Build.0 = Debug|Any CPU
		{4D0745FB-910A-42F9-BC0C-B20812895A35}.Debug|x64.ActiveCfg = Debug|Any CPU
		{4D0745FB-910A-42F9-BC0C-B20812895A35}.Debug|x86.ActiveCfg = Debug|Any CPU
		{4D0745FB-910A-42F9-BC0C-B20812895A35}.Debug|x86.Build.0 = Debug|Any CPU
		{4D0745FB-910A-42F9-BC0C-B20812895A35}.Release|Any CPU.ActiveCfg = Release|Any CPU
		{4D0745FB-910A-42F9-BC0C-B20812895A35}.Release|Any CPU.Build.0 = Release|Any CPU
		{4D0745FB-910A-42F9-BC0C-B20812895A35}.Release|x64.ActiveCfg = Release|Any CPU
		{4D0745FB-910A-42F9-BC0C-B20812895A35}.Release|x86.ActiveCfg = Release|Any CPU
		{4D0745FB-910A-42F9-BC0C-B20812895A35}.Release|x86.Build.0 = Release|Any CPU
		{E9A8832F-C368-4652-9A9C-B6C87D4C5084}.Debug|Any CPU.ActiveCfg = Debug|Any CPU
		{E9A8832F-C368-4652-9A9C-B6C87D4C5084}.Debug|Any CPU.Build.0 = Debug|Any CPU
		{E9A8832F-C368-4652-9A9C-B6C87D4C5084}.Debug|x64.ActiveCfg = Debug|Any CPU
		{E9A8832F-C368-4652-9A9C-B6C87D4C5084}.Debug|x86.ActiveCfg = Debug|Any CPU
		{E9A8832F-C368-4652-9A9C-B6C87D4C5084}.Debug|x86.Build.0 = Debug|Any CPU
		{E9A8832F-C368-4652-9A9C-B6C87D4C5084}.Release|Any CPU.ActiveCfg = Release|Any CPU
		{E9A8832F-C368-4652-9A9C-B6C87D4C5084}.Release|Any CPU.Build.0 = Release|Any CPU
		{E9A8832F-C368-4652-9A9C-B6C87D4C5084}.Release|x64.ActiveCfg = Release|Any CPU
		{E9A8832F-C368-4652-9A9C-B6C87D4C5084}.Release|x86.ActiveCfg = Release|Any CPU
		{E9A8832F-C368-4652-9A9C-B6C87D4C5084}.Release|x86.Build.0 = Release|Any CPU
		{FABEBB54-7E6E-4DCD-A4A3-D713EA38731B}.Debug|Any CPU.ActiveCfg = Debug|Any CPU
		{FABEBB54-7E6E-4DCD-A4A3-D713EA38731B}.Debug|Any CPU.Build.0 = Debug|Any CPU
		{FABEBB54-7E6E-4DCD-A4A3-D713EA38731B}.Debug|x64.ActiveCfg = Debug|Any CPU
		{FABEBB54-7E6E-4DCD-A4A3-D713EA38731B}.Debug|x86.ActiveCfg = Debug|x86
		{FABEBB54-7E6E-4DCD-A4A3-D713EA38731B}.Debug|x86.Build.0 = Debug|x86
		{FABEBB54-7E6E-4DCD-A4A3-D713EA38731B}.Release|Any CPU.ActiveCfg = Release|Any CPU
		{FABEBB54-7E6E-4DCD-A4A3-D713EA38731B}.Release|Any CPU.Build.0 = Release|Any CPU
		{FABEBB54-7E6E-4DCD-A4A3-D713EA38731B}.Release|x64.ActiveCfg = Release|Any CPU
		{FABEBB54-7E6E-4DCD-A4A3-D713EA38731B}.Release|x86.ActiveCfg = Release|x86
		{FABEBB54-7E6E-4DCD-A4A3-D713EA38731B}.Release|x86.Build.0 = Release|x86
		{95EE3B89-3300-4482-95A3-DC42EC8B3676}.Debug|Any CPU.ActiveCfg = Debug|x64
		{95EE3B89-3300-4482-95A3-DC42EC8B3676}.Debug|Any CPU.Build.0 = Debug|x64
		{95EE3B89-3300-4482-95A3-DC42EC8B3676}.Debug|x64.ActiveCfg = Debug|x64
		{95EE3B89-3300-4482-95A3-DC42EC8B3676}.Debug|x64.Build.0 = Debug|x64
		{95EE3B89-3300-4482-95A3-DC42EC8B3676}.Debug|x86.ActiveCfg = Debug|x64
		{95EE3B89-3300-4482-95A3-DC42EC8B3676}.Debug|x86.Build.0 = Debug|x64
		{95EE3B89-3300-4482-95A3-DC42EC8B3676}.Release|Any CPU.ActiveCfg = Release|x64
		{95EE3B89-3300-4482-95A3-DC42EC8B3676}.Release|Any CPU.Build.0 = Release|x64
		{95EE3B89-3300-4482-95A3-DC42EC8B3676}.Release|x64.ActiveCfg = Release|x64
		{95EE3B89-3300-4482-95A3-DC42EC8B3676}.Release|x64.Build.0 = Release|x64
		{95EE3B89-3300-4482-95A3-DC42EC8B3676}.Release|x86.ActiveCfg = Release|x64
		{95EE3B89-3300-4482-95A3-DC42EC8B3676}.Release|x86.Build.0 = Release|x64
		{D60ACAE0-C246-4936-B92B-B756841DB545}.Debug|Any CPU.ActiveCfg = Debug|Any CPU
		{D60ACAE0-C246-4936-B92B-B756841DB545}.Debug|Any CPU.Build.0 = Debug|Any CPU
		{D60ACAE0-C246-4936-B92B-B756841DB545}.Debug|x64.ActiveCfg = Debug|Any CPU
		{D60ACAE0-C246-4936-B92B-B756841DB545}.Debug|x64.Build.0 = Debug|Any CPU
		{D60ACAE0-C246-4936-B92B-B756841DB545}.Debug|x86.ActiveCfg = Debug|Any CPU
		{D60ACAE0-C246-4936-B92B-B756841DB545}.Debug|x86.Build.0 = Debug|Any CPU
		{D60ACAE0-C246-4936-B92B-B756841DB545}.Release|Any CPU.ActiveCfg = Release|Any CPU
		{D60ACAE0-C246-4936-B92B-B756841DB545}.Release|Any CPU.Build.0 = Release|Any CPU
		{D60ACAE0-C246-4936-B92B-B756841DB545}.Release|x64.ActiveCfg = Release|Any CPU
		{D60ACAE0-C246-4936-B92B-B756841DB545}.Release|x64.Build.0 = Release|Any CPU
		{D60ACAE0-C246-4936-B92B-B756841DB545}.Release|x86.ActiveCfg = Release|Any CPU
		{D60ACAE0-C246-4936-B92B-B756841DB545}.Release|x86.Build.0 = Release|Any CPU
		{18B2E4E7-CB77-44C3-865B-BE05620ABA4D}.Debug|Any CPU.ActiveCfg = Debug|Any CPU
		{18B2E4E7-CB77-44C3-865B-BE05620ABA4D}.Debug|Any CPU.Build.0 = Debug|Any CPU
		{18B2E4E7-CB77-44C3-865B-BE05620ABA4D}.Debug|x64.ActiveCfg = Debug|Any CPU
		{18B2E4E7-CB77-44C3-865B-BE05620ABA4D}.Debug|x86.ActiveCfg = Debug|Any CPU
		{18B2E4E7-CB77-44C3-865B-BE05620ABA4D}.Debug|x86.Build.0 = Debug|Any CPU
		{18B2E4E7-CB77-44C3-865B-BE05620ABA4D}.Release|Any CPU.ActiveCfg = Release|Any CPU
		{18B2E4E7-CB77-44C3-865B-BE05620ABA4D}.Release|Any CPU.Build.0 = Release|Any CPU
		{18B2E4E7-CB77-44C3-865B-BE05620ABA4D}.Release|x64.ActiveCfg = Release|Any CPU
		{18B2E4E7-CB77-44C3-865B-BE05620ABA4D}.Release|x86.ActiveCfg = Release|Any CPU
		{18B2E4E7-CB77-44C3-865B-BE05620ABA4D}.Release|x86.Build.0 = Release|Any CPU
		{42BB6EC1-E806-4B5B-A242-1662AAE7BF25}.Debug|Any CPU.ActiveCfg = Debug|Any CPU
		{42BB6EC1-E806-4B5B-A242-1662AAE7BF25}.Debug|Any CPU.Build.0 = Debug|Any CPU
		{42BB6EC1-E806-4B5B-A242-1662AAE7BF25}.Debug|x64.ActiveCfg = Debug|Any CPU
		{42BB6EC1-E806-4B5B-A242-1662AAE7BF25}.Debug|x64.Build.0 = Debug|Any CPU
		{42BB6EC1-E806-4B5B-A242-1662AAE7BF25}.Debug|x86.ActiveCfg = Debug|Any CPU
		{42BB6EC1-E806-4B5B-A242-1662AAE7BF25}.Debug|x86.Build.0 = Debug|Any CPU
		{42BB6EC1-E806-4B5B-A242-1662AAE7BF25}.Release|Any CPU.ActiveCfg = Release|Any CPU
		{42BB6EC1-E806-4B5B-A242-1662AAE7BF25}.Release|Any CPU.Build.0 = Release|Any CPU
		{42BB6EC1-E806-4B5B-A242-1662AAE7BF25}.Release|x64.ActiveCfg = Release|Any CPU
		{42BB6EC1-E806-4B5B-A242-1662AAE7BF25}.Release|x64.Build.0 = Release|Any CPU
		{42BB6EC1-E806-4B5B-A242-1662AAE7BF25}.Release|x86.ActiveCfg = Release|Any CPU
		{42BB6EC1-E806-4B5B-A242-1662AAE7BF25}.Release|x86.Build.0 = Release|Any CPU
	EndGlobalSection
	GlobalSection(SolutionProperties) = preSolution
		HideSolutionNode = FALSE
	EndGlobalSection
	GlobalSection(NestedProjects) = preSolution
		{764A2B71-F267-4C2E-A4CD-33E050659BD6} = {2ABBA2EF-6FEE-4F81-BF64-A1AB02BEE2C5}
		{EA51B66E-0862-4D79-8FB9-4BB1ED2CFB59} = {2ABBA2EF-6FEE-4F81-BF64-A1AB02BEE2C5}
		{4D0745FB-910A-42F9-BC0C-B20812895A35} = {2ABBA2EF-6FEE-4F81-BF64-A1AB02BEE2C5}
		{E9A8832F-C368-4652-9A9C-B6C87D4C5084} = {2ABBA2EF-6FEE-4F81-BF64-A1AB02BEE2C5}
		{FABEBB54-7E6E-4DCD-A4A3-D713EA38731B} = {2ABBA2EF-6FEE-4F81-BF64-A1AB02BEE2C5}
		{95EE3B89-3300-4482-95A3-DC42EC8B3676} = {2ABBA2EF-6FEE-4F81-BF64-A1AB02BEE2C5}
	EndGlobalSection
	GlobalSection(ExtensibilityGlobals) = postSolution
		SolutionGuid = {ACCCA607-3FFA-4A98-AB4B-302FEDF13D01}
	EndGlobalSection
EndGlobal
